
Microsoft Visual Studio Solution File, Format Version 12.00
# Visual Studio 2012
Project("{FAE04EC0-301F-11D3-BF4B-00C04F79EFBC}") = "Content.ServiceAccount", "Content.ServiceAccount\Content.ServiceAccount.csproj", "{AA28D403-C13A-41B6-B2C0-333724652155}"
EndProject
Global
	GlobalSection(SolutionConfigurationPlatforms) = preSolution
		Debug|Any CPU = Debug|Any CPU
		Release|Any CPU = Release|Any CPU
	EndGlobalSection
	GlobalSection(ProjectConfigurationPlatforms) = postSolution
		{AA28D403-C13A-41B6-B2C0-333724652155}.Debug|Any CPU.ActiveCfg = Debug|Any CPU
		{AA28D403-C13A-41B6-B2C0-333724652155}.Debug|Any CPU.Build.0 = Debug|Any CPU
		{AA28D403-C13A-41B6-B2C0-333724652155}.Release|Any CPU.ActiveCfg = Release|Any CPU
		{AA28D403-C13A-41B6-B2C0-333724652155}.Release|Any CPU.Build.0 = Release|Any CPU
	EndGlobalSection
	GlobalSection(SolutionProperties) = preSolution
		HideSolutionNode = FALSE
	EndGlobalSection
EndGlobal
